{
  "version": 4,
  "terraform_version": "1.11.4",
  "serial": 14,
  "lineage": "16c0ff19-b5c7-0e3a-ea82-ac8af37ed655",
  "outputs": {},
  "resources": [
    {
      "mode": "managed",
      "type": "azurerm_linux_web_app",
      "name": "webapp",
      "provider": "provider[\"registry.terraform.io/hashicorp/azurerm\"]",
      "instances": [
        {
          "schema_version": 1,
          "attributes": {
            "app_settings": {
              "WEBSITES_PORT": "80"
            },
            "auth_settings": [],
            "auth_settings_v2": [],
            "backup": [],
            "client_affinity_enabled": false,
            "client_certificate_enabled": false,
            "client_certificate_exclusion_paths": "",
            "client_certificate_mode": "Required",
            "connection_string": [],
            "custom_domain_verification_id": "360002C786F9D2E7D1D8C0119B420C0B7B59BEF39B363E6251AE61E790332C60",
            "default_hostname": "myelearn-webapp8896.azurewebsites.net",
            "enabled": true,
            "ftp_publish_basic_authentication_enabled": true,
            "hosting_environment_id": "",
            "https_only": false,
            "id": "/subscriptions/b9d3595d-2e5f-4afb-8b6d-308d85765e95/resourceGroups/rg-mywebapp/providers/Microsoft.Web/sites/myelearn-webapp8896",
            "identity": [
              {
                "identity_ids": null,
                "principal_id": "4e3ba214-6567-4bdd-bb93-1b0806266c62",
                "tenant_id": "46a1a464-e9c2-49d0-984f-3b680047e1dc",
                "type": "SystemAssigned"
              }
            ],
            "key_vault_reference_identity_id": "SystemAssigned",
            "kind": "app,linux",
            "location": "westeurope",
            "logs": [],
            "name": "myelearn-webapp8896",
            "outbound_ip_address_list": [
              "132.220.98.182",
              "9.163.205.178",
              "135.236.33.83",
              "4.175.184.56",
              "50.85.198.16",
              "135.236.25.109",
              "132.220.12.43",
              "132.220.12.47",
              "132.164.17.210",
              "132.164.6.244",
              "172.211.204.118",
              "128.251.178.188",
              "20.105.224.50"
            ],
            "outbound_ip_addresses": "132.220.98.182,9.163.205.178,135.236.33.83,4.175.184.56,50.85.198.16,135.236.25.109,132.220.12.43,132.220.12.47,132.164.17.210,132.164.6.244,172.211.204.118,128.251.178.188,20.105.224.50",
            "possible_outbound_ip_address_list": [
              "132.220.98.182",
              "9.163.205.178",
              "135.236.33.83",
              "4.175.184.56",
              "50.85.198.16",
              "135.236.25.109",
              "132.220.12.43",
              "132.220.12.47",
              "132.164.17.210",
              "132.164.6.244",
              "172.211.204.118",
              "128.251.178.188",
              "9.163.27.34",
              "132.220.33.160",
              "57.153.150.52",
              "57.153.76.163",
              "9.163.66.163",
              "132.220.115.23",
              "74.178.220.148",
              "9.163.196.195",
              "132.164.47.29",
              "128.251.252.196",
              "9.163.175.100",
              "57.153.0.7",
              "128.251.210.205",
              "132.220.137.55",
              "128.251.236.70",
              "135.236.26.25",
              "57.153.147.240",
              "132.164.63.84",
              "20.105.224.50"
            ],
            "possible_outbound_ip_addresses": "132.220.98.182,9.163.205.178,135.236.33.83,4.175.184.56,50.85.198.16,135.236.25.109,132.220.12.43,132.220.12.47,132.164.17.210,132.164.6.244,172.211.204.118,128.251.178.188,9.163.27.34,132.220.33.160,57.153.150.52,57.153.76.163,9.163.66.163,132.220.115.23,74.178.220.148,9.163.196.195,132.164.47.29,128.251.252.196,9.163.175.100,57.153.0.7,128.251.210.205,132.220.137.55,128.251.236.70,135.236.26.25,57.153.147.240,132.164.63.84,20.105.224.50",
            "public_network_access_enabled": true,
            "resource_group_name": "rg-mywebapp",
            "service_plan_id": "/subscriptions/b9d3595d-2e5f-4afb-8b6d-308d85765e95/resourceGroups/rg-mywebapp/providers/Microsoft.Web/serverFarms/linux-plan8896",
            "site_config": [
              {
                "always_on": true,
                "api_definition_url": "",
                "api_management_api_id": "",
                "app_command_line": "",
                "application_stack": [
                  {
                    "docker_image_name": "",
                    "docker_registry_password": "",
                    "docker_registry_url": "",
                    "docker_registry_username": "",
                    "dotnet_version": "",
                    "go_version": "",
                    "java_server": "",
                    "java_server_version": "",
                    "java_version": "",
                    "node_version": "",
                    "php_version": "",
                    "python_version": "",
                    "ruby_version": ""
                  }
                ],
                "auto_heal_setting": [],
                "container_registry_managed_identity_client_id": "",
                "container_registry_use_managed_identity": false,
                "cors": [],
                "default_documents": [
                  "Default.htm",
                  "Default.html",
                  "Default.asp",
                  "index.htm",
                  "index.html",
                  "iisstart.htm",
                  "default.aspx",
                  "index.php",
                  "hostingstart.html"
                ],
                "detailed_error_logging_enabled": false,
                "ftps_state": "Disabled",
                "health_check_eviction_time_in_min": 0,
                "health_check_path": "",
                "http2_enabled": false,
                "ip_restriction": [],
                "ip_restriction_default_action": "Allow",
                "linux_fx_version": "",
                "load_balancing_mode": "LeastRequests",
                "local_mysql_enabled": false,
                "managed_pipeline_mode": "Integrated",
                "minimum_tls_version": "1.2",
                "remote_debugging_enabled": false,
                "remote_debugging_version": "VS2022",
                "scm_ip_restriction": [],
                "scm_ip_restriction_default_action": "Allow",
                "scm_minimum_tls_version": "1.2",
                "scm_type": "None",
                "scm_use_main_ip_restriction": false,
                "use_32_bit_worker": true,
                "vnet_route_all_enabled": false,
                "websockets_enabled": false,
                "worker_count": 1
              }
            ],
            "site_credential": [
              {
                "name": "$myelearn-webapp8896",
                "password": "0xJRMS1pXe7qQiQXkGrNmj8P2azvKFrMpvoYdlPBLjb0kmdRZQdYsq2hmRjj"
              }
            ],
            "sticky_settings": [],
            "storage_account": [],
            "tags": null,
            "timeouts": null,
            "virtual_network_backup_restore_enabled": false,
            "virtual_network_subnet_id": "",
            "webdeploy_publish_basic_authentication_enabled": true,
            "zip_deploy_file": ""
          },
          "sensitive_attributes": [
            [
              {
                "type": "get_attr",
                "value": "site_credential"
              }
            ],
            [
              {
                "type": "get_attr",
                "value": "custom_domain_verification_id"
              }
            ],
            [
              {
                "type": "get_attr",
                "value": "site_config"
              },
              {
                "type": "index",
                "value": {
                  "value": 0,
                  "type": "number"
                }
              },
              {
                "type": "get_attr",
                "value": "application_stack"
              },
              {
                "type": "index",
                "value": {
                  "value": 0,
                  "type": "number"
                }
              },
              {
                "type": "get_attr",
                "value": "docker_registry_password"
              }
            ]
          ],
          "private": "eyJlMmJmYjczMC1lY2FhLTExZTYtOGY4OC0zNDM2M2JjN2M0YzAiOnsiY3JlYXRlIjoxODAwMDAwMDAwMDAwLCJkZWxldGUiOjE4MDAwMDAwMDAwMDAsInJlYWQiOjMwMDAwMDAwMDAwMCwidXBkYXRlIjoxODAwMDAwMDAwMDAwfSwic2NoZW1hX3ZlcnNpb24iOiIxIn0=",
          "dependencies": [
            "azurerm_resource_group.rg",
            "azurerm_service_plan.appserviceplan"
          ]
        }
      ]
    },
    {
      "mode": "managed",
      "type": "azurerm_resource_group",
      "name": "rg",
      "provider": "provider[\"registry.terraform.io/hashicorp/azurerm\"]",
      "instances": [
        {
          "schema_version": 0,
          "attributes": {
            "id": "/subscriptions/b9d3595d-2e5f-4afb-8b6d-308d85765e95/resourceGroups/rg-mywebapp",
            "location": "westeurope",
            "managed_by": "",
            "name": "rg-mywebapp",
            "tags": null,
            "timeouts": null
          },
          "sensitive_attributes": [],
          "private": "eyJlMmJmYjczMC1lY2FhLTExZTYtOGY4OC0zNDM2M2JjN2M0YzAiOnsiY3JlYXRlIjo1NDAwMDAwMDAwMDAwLCJkZWxldGUiOjU0MDAwMDAwMDAwMDAsInJlYWQiOjMwMDAwMDAwMDAwMCwidXBkYXRlIjo1NDAwMDAwMDAwMDAwfX0="
        }
      ]
    },
    {
      "mode": "managed",
      "type": "azurerm_service_plan",
      "name": "appserviceplan",
      "provider": "provider[\"registry.terraform.io/hashicorp/azurerm\"]",
      "instances": [
        {
          "schema_version": 1,
          "attributes": {
            "app_service_environment_id": "",
            "id": "/subscriptions/b9d3595d-2e5f-4afb-8b6d-308d85765e95/resourceGroups/rg-mywebapp/providers/Microsoft.Web/serverFarms/linux-plan8896",
            "kind": "linux",
            "location": "westeurope",
            "maximum_elastic_worker_count": 1,
            "name": "linux-plan8896",
            "os_type": "Linux",
            "per_site_scaling_enabled": false,
            "premium_plan_auto_scale_enabled": false,
            "reserved": true,
            "resource_group_name": "rg-mywebapp",
            "sku_name": "B1",
            "tags": null,
            "timeouts": null,
            "worker_count": 1,
            "zone_balancing_enabled": false
          },
          "sensitive_attributes": [],
          "private": "eyJlMmJmYjczMC1lY2FhLTExZTYtOGY4OC0zNDM2M2JjN2M0YzAiOnsiY3JlYXRlIjozNjAwMDAwMDAwMDAwLCJkZWxldGUiOjM2MDAwMDAwMDAwMDAsInJlYWQiOjMwMDAwMDAwMDAwMCwidXBkYXRlIjozNjAwMDAwMDAwMDAwfSwic2NoZW1hX3ZlcnNpb24iOiIxIn0=",
          "dependencies": [
            "azurerm_resource_group.rg"
          ]
        }
      ]
    }
  ],
  "check_results": null
}
